
Microsoft Visual Studio Solution File, Format Version 12.00
# Visual Studio Version 16
VisualStudioVersion = 16.0.29418.71
MinimumVisualStudioVersion = 10.0.40219.1
Project("{FAE04EC0-301F-11D3-BF4B-00C04F79EFBC}") = "LINQquestions", "LINQquestions\LINQquestions.csproj", "{17241661-B48F-4991-8D54-CE2E945FB72E}"
EndProject
Global
	GlobalSection(SolutionConfigurationPlatforms) = preSolution
		Debug|Any CPU = Debug|Any CPU
		Release|Any CPU = Release|Any CPU
	EndGlobalSection
	GlobalSection(ProjectConfigurationPlatforms) = postSolution
		{17241661-B48F-4991-8D54-CE2E945FB72E}.Debug|Any CPU.ActiveCfg = Debug|Any CPU
		{17241661-B48F-4991-8D54-CE2E945FB72E}.Debug|Any CPU.Build.0 = Debug|Any CPU
		{17241661-B48F-4991-8D54-CE2E945FB72E}.Release|Any CPU.ActiveCfg = Release|Any CPU
		{17241661-B48F-4991-8D54-CE2E945FB72E}.Release|Any CPU.Build.0 = Release|Any CPU
	EndGlobalSection
	GlobalSection(SolutionProperties) = preSolution
		HideSolutionNode = FALSE
	EndGlobalSection
	GlobalSection(ExtensibilityGlobals) = postSolution
		SolutionGuid = {7556613A-FCA6-498A-9900-85904463C954}
	EndGlobalSection
EndGlobal
